
Microsoft Visual Studio Solution File, Format Version 12.00
# Visual Studio Version 16
VisualStudioVersion = 16.0.29025.244
MinimumVisualStudioVersion = 10.0.40219.1
Project("{9A19103F-16F7-4668-BE54-9A1E7A4F7556}") = "FizzBuzz", "FizzBuzz\FizzBuzz.csproj", "{48F6C965-78AB-4FDD-8E5A-37384E8E8429}"
EndProject
Project("{9A19103F-16F7-4668-BE54-9A1E7A4F7556}") = "FizzBuzzTest", "FizzBuzzTest\FizzBuzzTest.csproj", "{B8CE7301-A320-48A9-A89D-60210D454842}"
EndProject
Project("{9A19103F-16F7-4668-BE54-9A1E7A4F7556}") = "TestDBCode1", "TestDBCode1\TestDBCode1.csproj", "{A2C6C743-5BB0-4950-A617-8B2635E6A52E}"
EndProject
Project("{FAE04EC0-301F-11D3-BF4B-00C04F79EFBC}") = "FizzBuzzNotCore", "FizzBuzzNotCore\FizzBuzzNotCore.csproj", "{C2A11BA9-F9AF-4083-A1FC-5034880C0933}"
EndProject
Project("{FAE04EC0-301F-11D3-BF4B-00C04F79EFBC}") = "FBtest", "FBtest\FBtest.csproj", "{2734D93C-88DC-46BC-81B2-333125904324}"
EndProject
Global
	GlobalSection(SolutionConfigurationPlatforms) = preSolution
		Debug|Any CPU = Debug|Any CPU
		Release|Any CPU = Release|Any CPU
	EndGlobalSection
	GlobalSection(ProjectConfigurationPlatforms) = postSolution
		{48F6C965-78AB-4FDD-8E5A-37384E8E8429}.Debug|Any CPU.ActiveCfg = Debug|Any CPU
		{48F6C965-78AB-4FDD-8E5A-37384E8E8429}.Debug|Any CPU.Build.0 = Debug|Any CPU
		{48F6C965-78AB-4FDD-8E5A-37384E8E8429}.Release|Any CPU.ActiveCfg = Release|Any CPU
		{48F6C965-78AB-4FDD-8E5A-37384E8E8429}.Release|Any CPU.Build.0 = Release|Any CPU
		{B8CE7301-A320-48A9-A89D-60210D454842}.Debug|Any CPU.ActiveCfg = Debug|Any CPU
		{B8CE7301-A320-48A9-A89D-60210D454842}.Debug|Any CPU.Build.0 = Debug|Any CPU
		{B8CE7301-A320-48A9-A89D-60210D454842}.Release|Any CPU.ActiveCfg = Release|Any CPU
		{B8CE7301-A320-48A9-A89D-60210D454842}.Release|Any CPU.Build.0 = Release|Any CPU
		{A2C6C743-5BB0-4950-A617-8B2635E6A52E}.Debug|Any CPU.ActiveCfg = Debug|Any CPU
		{A2C6C743-5BB0-4950-A617-8B2635E6A52E}.Debug|Any CPU.Build.0 = Debug|Any CPU
		{A2C6C743-5BB0-4950-A617-8B2635E6A52E}.Release|Any CPU.ActiveCfg = Release|Any CPU
		{A2C6C743-5BB0-4950-A617-8B2635E6A52E}.Release|Any CPU.Build.0 = Release|Any CPU
		{C2A11BA9-F9AF-4083-A1FC-5034880C0933}.Debug|Any CPU.ActiveCfg = Debug|Any CPU
		{C2A11BA9-F9AF-4083-A1FC-5034880C0933}.Debug|Any CPU.Build.0 = Debug|Any CPU
		{C2A11BA9-F9AF-4083-A1FC-5034880C0933}.Release|Any CPU.ActiveCfg = Release|Any CPU
		{C2A11BA9-F9AF-4083-A1FC-5034880C0933}.Release|Any CPU.Build.0 = Release|Any CPU
		{2734D93C-88DC-46BC-81B2-333125904324}.Debug|Any CPU.ActiveCfg = Debug|Any CPU
		{2734D93C-88DC-46BC-81B2-333125904324}.Debug|Any CPU.Build.0 = Debug|Any CPU
		{2734D93C-88DC-46BC-81B2-333125904324}.Release|Any CPU.ActiveCfg = Release|Any CPU
		{2734D93C-88DC-46BC-81B2-333125904324}.Release|Any CPU.Build.0 = Release|Any CPU
	EndGlobalSection
	GlobalSection(SolutionProperties) = preSolution
		HideSolutionNode = FALSE
	EndGlobalSection
	GlobalSection(ExtensibilityGlobals) = postSolution
		SolutionGuid = {96723E4F-F0C5-43F9-BA5B-D56214354CE6}
	EndGlobalSection
EndGlobal
